
Microsoft Visual Studio Solution File, Format Version 12.00
# Visual Studio Version 17
VisualStudioVersion = 17.7.34031.279
MinimumVisualStudioVersion = 10.0.40219.1
Project("{9A19103F-16F7-4668-BE54-9A1E7A4F7556}") = "Урок 1 Цифра C#", "Урок 1 Цифра C#.csproj", "{EE5C04AA-08A4-4D36-A198-41FC1AAFA7D2}"
EndProject
Project("{9A19103F-16F7-4668-BE54-9A1E7A4F7556}") = "Lesson 2 Cifra", "..\Lesson 2 Cifra\Lesson 2 Cifra.csproj", "{015EB1BC-D54D-4746-80DE-DCE0E2048FC5}"
EndProject
Project("{9A19103F-16F7-4668-BE54-9A1E7A4F7556}") = "Lesson 3 Cifra", "..\Lesson 3 Cifra\Lesson 3 Cifra.csproj", "{E11D718A-C2B5-4505-8DEC-35F7AE26BC10}"
EndProject
Project("{9A19103F-16F7-4668-BE54-9A1E7A4F7556}") = "Lesson 4", "..\Lesson 4\Lesson 4.csproj", "{822430A5-11B8-4C70-8D10-527154E6313E}"
EndProject
Project("{9A19103F-16F7-4668-BE54-9A1E7A4F7556}") = "Lesson 5", "..\Lesson 5\Lesson 5.csproj", "{ADE82A40-EE16-4CDA-81AA-D4B58C4C51BC}"
EndProject
Project("{9A19103F-16F7-4668-BE54-9A1E7A4F7556}") = "Lesson 6 Cifra", "..\Lesson 6 Cifra\Lesson 6 Cifra.csproj", "{A9D298F5-084C-417B-B910-FB65E13D62EC}"
EndProject
Project("{9A19103F-16F7-4668-BE54-9A1E7A4F7556}") = "Lesson 7 Cifra", "..\Lesson 7 Cifra\Lesson 7 Cifra.csproj", "{0F70B337-C77A-412F-B567-0F6876E0B3BE}"
EndProject
Project("{9A19103F-16F7-4668-BE54-9A1E7A4F7556}") = "Lesson 8", "..\Lesson 8\Lesson 8.csproj", "{6D3E3542-0460-437F-96FC-9F5FDD1D22CD}"
EndProject
Project("{9A19103F-16F7-4668-BE54-9A1E7A4F7556}") = "Lesson 9", "..\Lesson 9\Lesson 9.csproj", "{252B62E7-6B48-4DF6-9390-F07B071AFE61}"
EndProject
Project("{9A19103F-16F7-4668-BE54-9A1E7A4F7556}") = "Lesson 10", "..\Lesson 10\Lesson 10.csproj", "{C0313784-AB65-4264-8743-846B0F218FDC}"
EndProject
Project("{9A19103F-16F7-4668-BE54-9A1E7A4F7556}") = "Lesson 11", "..\Lesson 11\Lesson 11.csproj", "{DE32034A-E722-4BEE-BA19-ADBC2692C8C2}"
EndProject
Project("{9A19103F-16F7-4668-BE54-9A1E7A4F7556}") = "Lesson 11.1", "..\Lesson 11.1\Lesson 11.1.csproj", "{275B0907-75AA-4253-99EC-EAE072C4C7F7}"
EndProject
Project("{9A19103F-16F7-4668-BE54-9A1E7A4F7556}") = "Lesson 12", "..\Lesson 12\Lesson 12.csproj", "{6D4C0E23-745F-4DA2-AA7A-A536925CB12D}"
EndProject
Project("{9A19103F-16F7-4668-BE54-9A1E7A4F7556}") = "Lesson 13", "..\Lesson 13\Lesson 13.csproj", "{4C9C9A88-E5FD-4D92-BBA6-96E2FCE3EC63}"
EndProject
Project("{9A19103F-16F7-4668-BE54-9A1E7A4F7556}") = "Lesson 14", "..\Lesson 14\Lesson 14.csproj", "{11CB8092-8617-43B0-B07D-595A94E07482}"
EndProject
Project("{9A19103F-16F7-4668-BE54-9A1E7A4F7556}") = "Lesson 15", "..\Lesson 15\Lesson 15.csproj", "{7C70B2B3-16D6-4444-A916-9D5D7FD79800}"
EndProject
Project("{9A19103F-16F7-4668-BE54-9A1E7A4F7556}") = "Lesson 16", "..\Lesson 16\Lesson 16.csproj", "{E0A47D93-8388-4CFA-9F22-277B8B4D9E5C}"
EndProject
Project("{9A19103F-16F7-4668-BE54-9A1E7A4F7556}") = "Lesson 17", "..\Lesson 17\Lesson 17.csproj", "{D042EB1F-13A7-4FC1-B3A7-1DF40A2F9254}"
EndProject
Project("{9A19103F-16F7-4668-BE54-9A1E7A4F7556}") = "Lesson 18", "..\Lesson 18\Lesson 18.csproj", "{97C3C738-FFA1-41CD-8C4E-706615D62A06}"
EndProject
Project("{9A19103F-16F7-4668-BE54-9A1E7A4F7556}") = "Lesson 19", "..\Lesson 19\Lesson 19.csproj", "{C2A007AA-9612-4BAE-B172-D9D5AF1C08AA}"
EndProject
Project("{9A19103F-16F7-4668-BE54-9A1E7A4F7556}") = "Lesson 20", "..\Lesson 20\Lesson 20.csproj", "{D8DCD3C5-2FCD-425C-8B78-1F29A69414D7}"
EndProject
Project("{9A19103F-16F7-4668-BE54-9A1E7A4F7556}") = "Lesson 21", "..\Lesson 21\Lesson 21.csproj", "{DD1F4D70-5FCB-4441-BB03-A48E75FC7280}"
EndProject
Project("{9A19103F-16F7-4668-BE54-9A1E7A4F7556}") = "Lesson 22", "..\Lesson 22\Lesson 22.csproj", "{5EA6EC2B-204B-46ED-99A2-9E219DAF861C}"
EndProject
Project("{9A19103F-16F7-4668-BE54-9A1E7A4F7556}") = "Lesson 25", "..\Lesson 25\Lesson 25.csproj", "{79F233C8-AB31-4B9E-A551-F5C05CFD992E}"
EndProject
Project("{9A19103F-16F7-4668-BE54-9A1E7A4F7556}") = "Lesson31", "..\Lesson31\Lesson31.csproj", "{699ACB4E-99AA-453D-A2DD-4E833D3041E0}"
EndProject
Project("{9A19103F-16F7-4668-BE54-9A1E7A4F7556}") = "Lesson31.1", "..\Lesson31.1\Lesson31.1.csproj", "{C3E4732B-FEFC-424F-A906-49BA5366526D}"
EndProject
Project("{9A19103F-16F7-4668-BE54-9A1E7A4F7556}") = "Lesson 32", "..\Lesson 32\Lesson 32.csproj", "{B4B447FF-9A79-4C84-A742-7558684AD8EA}"
EndProject
Project("{9A19103F-16F7-4668-BE54-9A1E7A4F7556}") = "Lesson 33", "..\Lesson 33\Lesson 33.csproj", "{B6AA2B67-650C-45A2-93A5-6788EC08029F}"
EndProject
Project("{9A19103F-16F7-4668-BE54-9A1E7A4F7556}") = "ArrayLibrary", "..\ArrayLibrary\ArrayLibrary.csproj", "{3978ABBA-A098-4BF0-8CFD-38C9DE1E4FD2}"
EndProject
Project("{9A19103F-16F7-4668-BE54-9A1E7A4F7556}") = "Lesson 38", "..\Lesson 38\Lesson 38.csproj", "{6A802F24-FEDF-425F-9C5F-5250A271D817}"
EndProject
Project("{FAE04EC0-301F-11D3-BF4B-00C04F79EFBC}") = "Lesson 38.F", "..\Lesson 38.F\Lesson 38.F.csproj", "{43E86DCC-BB93-40B2-909F-FED51363011B}"
EndProject
Global
	GlobalSection(SolutionConfigurationPlatforms) = preSolution
		Debug|Any CPU = Debug|Any CPU
		Release|Any CPU = Release|Any CPU
	EndGlobalSection
	GlobalSection(ProjectConfigurationPlatforms) = postSolution
		{EE5C04AA-08A4-4D36-A198-41FC1AAFA7D2}.Debug|Any CPU.ActiveCfg = Debug|Any CPU
		{EE5C04AA-08A4-4D36-A198-41FC1AAFA7D2}.Debug|Any CPU.Build.0 = Debug|Any CPU
		{EE5C04AA-08A4-4D36-A198-41FC1AAFA7D2}.Release|Any CPU.ActiveCfg = Release|Any CPU
		{EE5C04AA-08A4-4D36-A198-41FC1AAFA7D2}.Release|Any CPU.Build.0 = Release|Any CPU
		{015EB1BC-D54D-4746-80DE-DCE0E2048FC5}.Debug|Any CPU.ActiveCfg = Debug|Any CPU
		{015EB1BC-D54D-4746-80DE-DCE0E2048FC5}.Debug|Any CPU.Build.0 = Debug|Any CPU
		{015EB1BC-D54D-4746-80DE-DCE0E2048FC5}.Release|Any CPU.ActiveCfg = Release|Any CPU
		{015EB1BC-D54D-4746-80DE-DCE0E2048FC5}.Release|Any CPU.Build.0 = Release|Any CPU
		{E11D718A-C2B5-4505-8DEC-35F7AE26BC10}.Debug|Any CPU.ActiveCfg = Debug|Any CPU
		{E11D718A-C2B5-4505-8DEC-35F7AE26BC10}.Debug|Any CPU.Build.0 = Debug|Any CPU
		{E11D718A-C2B5-4505-8DEC-35F7AE26BC10}.Release|Any CPU.ActiveCfg = Release|Any CPU
		{E11D718A-C2B5-4505-8DEC-35F7AE26BC10}.Release|Any CPU.Build.0 = Release|Any CPU
		{822430A5-11B8-4C70-8D10-527154E6313E}.Debug|Any CPU.ActiveCfg = Debug|Any CPU
		{822430A5-11B8-4C70-8D10-527154E6313E}.Debug|Any CPU.Build.0 = Debug|Any CPU
		{822430A5-11B8-4C70-8D10-527154E6313E}.Release|Any CPU.ActiveCfg = Release|Any CPU
		{822430A5-11B8-4C70-8D10-527154E6313E}.Release|Any CPU.Build.0 = Release|Any CPU
		{ADE82A40-EE16-4CDA-81AA-D4B58C4C51BC}.Debug|Any CPU.ActiveCfg = Debug|Any CPU
		{ADE82A40-EE16-4CDA-81AA-D4B58C4C51BC}.Debug|Any CPU.Build.0 = Debug|Any CPU
		{ADE82A40-EE16-4CDA-81AA-D4B58C4C51BC}.Release|Any CPU.ActiveCfg = Release|Any CPU
		{ADE82A40-EE16-4CDA-81AA-D4B58C4C51BC}.Release|Any CPU.Build.0 = Release|Any CPU
		{A9D298F5-084C-417B-B910-FB65E13D62EC}.Debug|Any CPU.ActiveCfg = Debug|Any CPU
		{A9D298F5-084C-417B-B910-FB65E13D62EC}.Debug|Any CPU.Build.0 = Debug|Any CPU
		{A9D298F5-084C-417B-B910-FB65E13D62EC}.Release|Any CPU.ActiveCfg = Release|Any CPU
		{A9D298F5-084C-417B-B910-FB65E13D62EC}.Release|Any CPU.Build.0 = Release|Any CPU
		{0F70B337-C77A-412F-B567-0F6876E0B3BE}.Debug|Any CPU.ActiveCfg = Debug|Any CPU
		{0F70B337-C77A-412F-B567-0F6876E0B3BE}.Debug|Any CPU.Build.0 = Debug|Any CPU
		{0F70B337-C77A-412F-B567-0F6876E0B3BE}.Release|Any CPU.ActiveCfg = Release|Any CPU
		{0F70B337-C77A-412F-B567-0F6876E0B3BE}.Release|Any CPU.Build.0 = Release|Any CPU
		{6D3E3542-0460-437F-96FC-9F5FDD1D22CD}.Debug|Any CPU.ActiveCfg = Debug|Any CPU
		{6D3E3542-0460-437F-96FC-9F5FDD1D22CD}.Debug|Any CPU.Build.0 = Debug|Any CPU
		{6D3E3542-0460-437F-96FC-9F5FDD1D22CD}.Release|Any CPU.ActiveCfg = Release|Any CPU
		{6D3E3542-0460-437F-96FC-9F5FDD1D22CD}.Release|Any CPU.Build.0 = Release|Any CPU
		{252B62E7-6B48-4DF6-9390-F07B071AFE61}.Debug|Any CPU.ActiveCfg = Debug|Any CPU
		{252B62E7-6B48-4DF6-9390-F07B071AFE61}.Debug|Any CPU.Build.0 = Debug|Any CPU
		{252B62E7-6B48-4DF6-9390-F07B071AFE61}.Release|Any CPU.ActiveCfg = Release|Any CPU
		{252B62E7-6B48-4DF6-9390-F07B071AFE61}.Release|Any CPU.Build.0 = Release|Any CPU
		{C0313784-AB65-4264-8743-846B0F218FDC}.Debug|Any CPU.ActiveCfg = Debug|Any CPU
		{C0313784-AB65-4264-8743-846B0F218FDC}.Debug|Any CPU.Build.0 = Debug|Any CPU
		{C0313784-AB65-4264-8743-846B0F218FDC}.Release|Any CPU.ActiveCfg = Release|Any CPU
		{C0313784-AB65-4264-8743-846B0F218FDC}.Release|Any CPU.Build.0 = Release|Any CPU
		{DE32034A-E722-4BEE-BA19-ADBC2692C8C2}.Debug|Any CPU.ActiveCfg = Debug|Any CPU
		{DE32034A-E722-4BEE-BA19-ADBC2692C8C2}.Debug|Any CPU.Build.0 = Debug|Any CPU
		{DE32034A-E722-4BEE-BA19-ADBC2692C8C2}.Release|Any CPU.ActiveCfg = Release|Any CPU
		{DE32034A-E722-4BEE-BA19-ADBC2692C8C2}.Release|Any CPU.Build.0 = Release|Any CPU
		{275B0907-75AA-4253-99EC-EAE072C4C7F7}.Debug|Any CPU.ActiveCfg = Debug|Any CPU
		{275B0907-75AA-4253-99EC-EAE072C4C7F7}.Debug|Any CPU.Build.0 = Debug|Any CPU
		{275B0907-75AA-4253-99EC-EAE072C4C7F7}.Release|Any CPU.ActiveCfg = Release|Any CPU
		{275B0907-75AA-4253-99EC-EAE072C4C7F7}.Release|Any CPU.Build.0 = Release|Any CPU
		{6D4C0E23-745F-4DA2-AA7A-A536925CB12D}.Debug|Any CPU.ActiveCfg = Debug|Any CPU
		{6D4C0E23-745F-4DA2-AA7A-A536925CB12D}.Debug|Any CPU.Build.0 = Debug|Any CPU
		{6D4C0E23-745F-4DA2-AA7A-A536925CB12D}.Release|Any CPU.ActiveCfg = Release|Any CPU
		{6D4C0E23-745F-4DA2-AA7A-A536925CB12D}.Release|Any CPU.Build.0 = Release|Any CPU
		{4C9C9A88-E5FD-4D92-BBA6-96E2FCE3EC63}.Debug|Any CPU.ActiveCfg = Debug|Any CPU
		{4C9C9A88-E5FD-4D92-BBA6-96E2FCE3EC63}.Debug|Any CPU.Build.0 = Debug|Any CPU
		{4C9C9A88-E5FD-4D92-BBA6-96E2FCE3EC63}.Release|Any CPU.ActiveCfg = Release|Any CPU
		{4C9C9A88-E5FD-4D92-BBA6-96E2FCE3EC63}.Release|Any CPU.Build.0 = Release|Any CPU
		{11CB8092-8617-43B0-B07D-595A94E07482}.Debug|Any CPU.ActiveCfg = Debug|Any CPU
		{11CB8092-8617-43B0-B07D-595A94E07482}.Debug|Any CPU.Build.0 = Debug|Any CPU
		{11CB8092-8617-43B0-B07D-595A94E07482}.Release|Any CPU.ActiveCfg = Release|Any CPU
		{11CB8092-8617-43B0-B07D-595A94E07482}.Release|Any CPU.Build.0 = Release|Any CPU
		{7C70B2B3-16D6-4444-A916-9D5D7FD79800}.Debug|Any CPU.ActiveCfg = Debug|Any CPU
		{7C70B2B3-16D6-4444-A916-9D5D7FD79800}.Debug|Any CPU.Build.0 = Debug|Any CPU
		{7C70B2B3-16D6-4444-A916-9D5D7FD79800}.Release|Any CPU.ActiveCfg = Release|Any CPU
		{7C70B2B3-16D6-4444-A916-9D5D7FD79800}.Release|Any CPU.Build.0 = Release|Any CPU
		{E0A47D93-8388-4CFA-9F22-277B8B4D9E5C}.Debug|Any CPU.ActiveCfg = Debug|Any CPU
		{E0A47D93-8388-4CFA-9F22-277B8B4D9E5C}.Debug|Any CPU.Build.0 = Debug|Any CPU
		{E0A47D93-8388-4CFA-9F22-277B8B4D9E5C}.Release|Any CPU.ActiveCfg = Release|Any CPU
		{E0A47D93-8388-4CFA-9F22-277B8B4D9E5C}.Release|Any CPU.Build.0 = Release|Any CPU
		{D042EB1F-13A7-4FC1-B3A7-1DF40A2F9254}.Debug|Any CPU.ActiveCfg = Debug|Any CPU
		{D042EB1F-13A7-4FC1-B3A7-1DF40A2F9254}.Debug|Any CPU.Build.0 = Debug|Any CPU
		{D042EB1F-13A7-4FC1-B3A7-1DF40A2F9254}.Release|Any CPU.ActiveCfg = Release|Any CPU
		{D042EB1F-13A7-4FC1-B3A7-1DF40A2F9254}.Release|Any CPU.Build.0 = Release|Any CPU
		{97C3C738-FFA1-41CD-8C4E-706615D62A06}.Debug|Any CPU.ActiveCfg = Debug|Any CPU
		{97C3C738-FFA1-41CD-8C4E-706615D62A06}.Debug|Any CPU.Build.0 = Debug|Any CPU
		{97C3C738-FFA1-41CD-8C4E-706615D62A06}.Release|Any CPU.ActiveCfg = Release|Any CPU
		{97C3C738-FFA1-41CD-8C4E-706615D62A06}.Release|Any CPU.Build.0 = Release|Any CPU
		{C2A007AA-9612-4BAE-B172-D9D5AF1C08AA}.Debug|Any CPU.ActiveCfg = Debug|Any CPU
		{C2A007AA-9612-4BAE-B172-D9D5AF1C08AA}.Debug|Any CPU.Build.0 = Debug|Any CPU
		{C2A007AA-9612-4BAE-B172-D9D5AF1C08AA}.Release|Any CPU.ActiveCfg = Release|Any CPU
		{C2A007AA-9612-4BAE-B172-D9D5AF1C08AA}.Release|Any CPU.Build.0 = Release|Any CPU
		{D8DCD3C5-2FCD-425C-8B78-1F29A69414D7}.Debug|Any CPU.ActiveCfg = Debug|Any CPU
		{D8DCD3C5-2FCD-425C-8B78-1F29A69414D7}.Debug|Any CPU.Build.0 = Debug|Any CPU
		{D8DCD3C5-2FCD-425C-8B78-1F29A69414D7}.Release|Any CPU.ActiveCfg = Release|Any CPU
		{D8DCD3C5-2FCD-425C-8B78-1F29A69414D7}.Release|Any CPU.Build.0 = Release|Any CPU
		{DD1F4D70-5FCB-4441-BB03-A48E75FC7280}.Debug|Any CPU.ActiveCfg = Debug|Any CPU
		{DD1F4D70-5FCB-4441-BB03-A48E75FC7280}.Debug|Any CPU.Build.0 = Debug|Any CPU
		{DD1F4D70-5FCB-4441-BB03-A48E75FC7280}.Release|Any CPU.ActiveCfg = Release|Any CPU
		{DD1F4D70-5FCB-4441-BB03-A48E75FC7280}.Release|Any CPU.Build.0 = Release|Any CPU
		{5EA6EC2B-204B-46ED-99A2-9E219DAF861C}.Debug|Any CPU.ActiveCfg = Debug|Any CPU
		{5EA6EC2B-204B-46ED-99A2-9E219DAF861C}.Debug|Any CPU.Build.0 = Debug|Any CPU
		{5EA6EC2B-204B-46ED-99A2-9E219DAF861C}.Release|Any CPU.ActiveCfg = Release|Any CPU
		{5EA6EC2B-204B-46ED-99A2-9E219DAF861C}.Release|Any CPU.Build.0 = Release|Any CPU
		{79F233C8-AB31-4B9E-A551-F5C05CFD992E}.Debug|Any CPU.ActiveCfg = Debug|Any CPU
		{79F233C8-AB31-4B9E-A551-F5C05CFD992E}.Debug|Any CPU.Build.0 = Debug|Any CPU
		{79F233C8-AB31-4B9E-A551-F5C05CFD992E}.Release|Any CPU.ActiveCfg = Release|Any CPU
		{79F233C8-AB31-4B9E-A551-F5C05CFD992E}.Release|Any CPU.Build.0 = Release|Any CPU
		{699ACB4E-99AA-453D-A2DD-4E833D3041E0}.Debug|Any CPU.ActiveCfg = Debug|Any CPU
		{699ACB4E-99AA-453D-A2DD-4E833D3041E0}.Debug|Any CPU.Build.0 = Debug|Any CPU
		{699ACB4E-99AA-453D-A2DD-4E833D3041E0}.Release|Any CPU.ActiveCfg = Release|Any CPU
		{699ACB4E-99AA-453D-A2DD-4E833D3041E0}.Release|Any CPU.Build.0 = Release|Any CPU
		{C3E4732B-FEFC-424F-A906-49BA5366526D}.Debug|Any CPU.ActiveCfg = Debug|Any CPU
		{C3E4732B-FEFC-424F-A906-49BA5366526D}.Debug|Any CPU.Build.0 = Debug|Any CPU
		{C3E4732B-FEFC-424F-A906-49BA5366526D}.Release|Any CPU.ActiveCfg = Release|Any CPU
		{C3E4732B-FEFC-424F-A906-49BA5366526D}.Release|Any CPU.Build.0 = Release|Any CPU
		{B4B447FF-9A79-4C84-A742-7558684AD8EA}.Debug|Any CPU.ActiveCfg = Debug|Any CPU
		{B4B447FF-9A79-4C84-A742-7558684AD8EA}.Debug|Any CPU.Build.0 = Debug|Any CPU
		{B4B447FF-9A79-4C84-A742-7558684AD8EA}.Release|Any CPU.ActiveCfg = Release|Any CPU
		{B4B447FF-9A79-4C84-A742-7558684AD8EA}.Release|Any CPU.Build.0 = Release|Any CPU
		{B6AA2B67-650C-45A2-93A5-6788EC08029F}.Debug|Any CPU.ActiveCfg = Debug|Any CPU
		{B6AA2B67-650C-45A2-93A5-6788EC08029F}.Debug|Any CPU.Build.0 = Debug|Any CPU
		{B6AA2B67-650C-45A2-93A5-6788EC08029F}.Release|Any CPU.ActiveCfg = Release|Any CPU
		{B6AA2B67-650C-45A2-93A5-6788EC08029F}.Release|Any CPU.Build.0 = Release|Any CPU
		{3978ABBA-A098-4BF0-8CFD-38C9DE1E4FD2}.Debug|Any CPU.ActiveCfg = Debug|Any CPU
		{3978ABBA-A098-4BF0-8CFD-38C9DE1E4FD2}.Debug|Any CPU.Build.0 = Debug|Any CPU
		{3978ABBA-A098-4BF0-8CFD-38C9DE1E4FD2}.Release|Any CPU.ActiveCfg = Release|Any CPU
		{3978ABBA-A098-4BF0-8CFD-38C9DE1E4FD2}.Release|Any CPU.Build.0 = Release|Any CPU
		{6A802F24-FEDF-425F-9C5F-5250A271D817}.Debug|Any CPU.ActiveCfg = Debug|Any CPU
		{6A802F24-FEDF-425F-9C5F-5250A271D817}.Debug|Any CPU.Build.0 = Debug|Any CPU
		{6A802F24-FEDF-425F-9C5F-5250A271D817}.Release|Any CPU.ActiveCfg = Release|Any CPU
		{6A802F24-FEDF-425F-9C5F-5250A271D817}.Release|Any CPU.Build.0 = Release|Any CPU
		{43E86DCC-BB93-40B2-909F-FED51363011B}.Debug|Any CPU.ActiveCfg = Debug|Any CPU
		{43E86DCC-BB93-40B2-909F-FED51363011B}.Debug|Any CPU.Build.0 = Debug|Any CPU
		{43E86DCC-BB93-40B2-909F-FED51363011B}.Release|Any CPU.ActiveCfg = Release|Any CPU
		{43E86DCC-BB93-40B2-909F-FED51363011B}.Release|Any CPU.Build.0 = Release|Any CPU
	EndGlobalSection
	GlobalSection(SolutionProperties) = preSolution
		HideSolutionNode = FALSE
	EndGlobalSection
	GlobalSection(ExtensibilityGlobals) = postSolution
		SolutionGuid = {53775AE9-227D-4B27-8AA4-DA5A1AA9965A}
	EndGlobalSection
EndGlobal
